// !$*UTF8*$!
{
	archiveVersion = 1;
	classes = {
	};
	objectVersion = 55;
	objects = {

/* Begin PBXBuildFile section */
		0A29EA3528EF1D56006F92C8 /* GoogleService-Info.plist in Resources */ = {isa = PBXBuildFile; fileRef = 0A29EA3428EF1D56006F92C8 /* GoogleService-Info.plist */; };
		0A29EA3828EF1E78006F92C8 /* FirebaseAuth in Frameworks */ = {isa = PBXBuildFile; productRef = 0A29EA3728EF1E78006F92C8 /* FirebaseAuth */; };
		0A29EA3A28EF1E78006F92C8 /* FirebaseAuthCombine-Community in Frameworks */ = {isa = PBXBuildFile; productRef = 0A29EA3928EF1E78006F92C8 /* FirebaseAuthCombine-Community */; };
		0A29EA3C28EF1E78006F92C8 /* FirebaseDatabase in Frameworks */ = {isa = PBXBuildFile; productRef = 0A29EA3B28EF1E78006F92C8 /* FirebaseDatabase */; };
		0A29EA3E28EF1E78006F92C8 /* FirebaseDatabaseSwift in Frameworks */ = {isa = PBXBuildFile; productRef = 0A29EA3D28EF1E78006F92C8 /* FirebaseDatabaseSwift */; };
		0A29EA4028EF1E78006F92C8 /* FirebaseFirestore in Frameworks */ = {isa = PBXBuildFile; productRef = 0A29EA3F28EF1E78006F92C8 /* FirebaseFirestore */; };
		0A29EA4228EF1E78006F92C8 /* FirebaseFirestoreCombine-Community in Frameworks */ = {isa = PBXBuildFile; productRef = 0A29EA4128EF1E78006F92C8 /* FirebaseFirestoreCombine-Community */; };
		0A29EA4428EF1E78006F92C8 /* FirebaseFirestoreSwift in Frameworks */ = {isa = PBXBuildFile; productRef = 0A29EA4328EF1E78006F92C8 /* FirebaseFirestoreSwift */; };
		0A29EA4628EF1E78006F92C8 /* FirebaseStorage in Frameworks */ = {isa = PBXBuildFile; productRef = 0A29EA4528EF1E78006F92C8 /* FirebaseStorage */; };
		0A29EA4828EF1E78006F92C8 /* FirebaseStorageCombine-Community in Frameworks */ = {isa = PBXBuildFile; productRef = 0A29EA4728EF1E78006F92C8 /* FirebaseStorageCombine-Community */; };
		0A29EA4B28EF1F55006F92C8 /* OnboardingViewController.swift in Sources */ = {isa = PBXBuildFile; fileRef = 0A29EA4A28EF1F55006F92C8 /* OnboardingViewController.swift */; };
		0A29EA4D28EF23D3006F92C8 /* RegisterViewController.swift in Sources */ = {isa = PBXBuildFile; fileRef = 0A29EA4C28EF23D3006F92C8 /* RegisterViewController.swift */; };
		0A29EA5728F24F50006F92C8 /* AuthenticationViewViewModel.swift in Sources */ = {isa = PBXBuildFile; fileRef = 0A29EA5628F24F50006F92C8 /* AuthenticationViewViewModel.swift */; };
		0A29EA5B28F25602006F92C8 /* AuthManager.swift in Sources */ = {isa = PBXBuildFile; fileRef = 0A29EA5A28F25602006F92C8 /* AuthManager.swift */; };
		0A62924628F8F68E001260E2 /* LoginViewController.swift in Sources */ = {isa = PBXBuildFile; fileRef = 0A62924528F8F68E001260E2 /* LoginViewController.swift */; };
		0AB0EEB927C453E30019EDE4 /* AppDelegate.swift in Sources */ = {isa = PBXBuildFile; fileRef = 0AB0EEB827C453E30019EDE4 /* AppDelegate.swift */; };
		0AB0EEBB27C453E30019EDE4 /* SceneDelegate.swift in Sources */ = {isa = PBXBuildFile; fileRef = 0AB0EEBA27C453E30019EDE4 /* SceneDelegate.swift */; };
		0AB0EEBD27C453E30019EDE4 /* MainTabbarViewController.swift in Sources */ = {isa = PBXBuildFile; fileRef = 0AB0EEBC27C453E30019EDE4 /* MainTabbarViewController.swift */; };
		0AB0EEC227C453E30019EDE4 /* Assets.xcassets in Resources */ = {isa = PBXBuildFile; fileRef = 0AB0EEC127C453E30019EDE4 /* Assets.xcassets */; };
		0AB0EEC527C453E30019EDE4 /* LaunchScreen.storyboard in Resources */ = {isa = PBXBuildFile; fileRef = 0AB0EEC327C453E30019EDE4 /* LaunchScreen.storyboard */; };
		0AB0EECF27C455180019EDE4 /* HomeViewController.swift in Sources */ = {isa = PBXBuildFile; fileRef = 0AB0EECE27C455180019EDE4 /* HomeViewController.swift */; };
		0AB0EED127C455240019EDE4 /* SearchViewController.swift in Sources */ = {isa = PBXBuildFile; fileRef = 0AB0EED027C455240019EDE4 /* SearchViewController.swift */; };
		0AB0EED327C455350019EDE4 /* NotificationsViewController.swift in Sources */ = {isa = PBXBuildFile; fileRef = 0AB0EED227C455350019EDE4 /* NotificationsViewController.swift */; };
		0AB0EED527C455430019EDE4 /* DirectMessagesViewController.swift in Sources */ = {isa = PBXBuildFile; fileRef = 0AB0EED427C455430019EDE4 /* DirectMessagesViewController.swift */; };
		0AC8A297283095CD00C189D7 /* ProfileViewController.swift in Sources */ = {isa = PBXBuildFile; fileRef = 0AC8A296283095CD00C189D7 /* ProfileViewController.swift */; };
		0ACB15792866B3AC00653436 /* ProfileTableViewHeader.swift in Sources */ = {isa = PBXBuildFile; fileRef = 0ACB15782866B3AC00653436 /* ProfileTableViewHeader.swift */; };
		0AF3AAD9280E468E00AD5F2A /* TweetTableViewCell.swift in Sources */ = {isa = PBXBuildFile; fileRef = 0AF3AAD8280E468E00AD5F2A /* TweetTableViewCell.swift */; };
		0AF3F5A428FCC6200098B268 /* TwitterUser.swift in Sources */ = {isa = PBXBuildFile; fileRef = 0AF3F5A328FCC6200098B268 /* TwitterUser.swift */; };
		0AF3F5A628FCC72F0098B268 /* DatabaseManager.swift in Sources */ = {isa = PBXBuildFile; fileRef = 0AF3F5A528FCC72F0098B268 /* DatabaseManager.swift */; };
		0AF3F5A828FCCC530098B268 /* HomeViewViewModel.swift in Sources */ = {isa = PBXBuildFile; fileRef = 0AF3F5A728FCCC530098B268 /* HomeViewViewModel.swift */; };
		0AF3F5AA28FCCF840098B268 /* ProfileDataFormViewController.swift in Sources */ = {isa = PBXBuildFile; fileRef = 0AF3F5A928FCCF840098B268 /* ProfileDataFormViewController.swift */; };
		0AF3F5AC28FCD04C0098B268 /* ProfileDataFormViewViewModel.swift in Sources */ = {isa = PBXBuildFile; fileRef = 0AF3F5AB28FCD04C0098B268 /* ProfileDataFormViewViewModel.swift */; };
/* End PBXBuildFile section */

/* Begin PBXFileReference section */
		0A29EA3428EF1D56006F92C8 /* GoogleService-Info.plist */ = {isa = PBXFileReference; fileEncoding = 4; lastKnownFileType = text.plist.xml; path = "GoogleService-Info.plist"; sourceTree = "<group>"; };
		0A29EA4A28EF1F55006F92C8 /* OnboardingViewController.swift */ = {isa = PBXFileReference; lastKnownFileType = sourcecode.swift; path = OnboardingViewController.swift; sourceTree = "<group>"; };
		0A29EA4C28EF23D3006F92C8 /* RegisterViewController.swift */ = {isa = PBXFileReference; lastKnownFileType = sourcecode.swift; path = RegisterViewController.swift; sourceTree = "<group>"; };
		0A29EA5628F24F50006F92C8 /* AuthenticationViewViewModel.swift */ = {isa = PBXFileReference; lastKnownFileType = sourcecode.swift; path = AuthenticationViewViewModel.swift; sourceTree = "<group>"; };
		0A29EA5A28F25602006F92C8 /* AuthManager.swift */ = {isa = PBXFileReference; lastKnownFileType = sourcecode.swift; path = AuthManager.swift; sourceTree = "<group>"; };
		0A62924528F8F68E001260E2 /* LoginViewController.swift */ = {isa = PBXFileReference; lastKnownFileType = sourcecode.swift; path = LoginViewController.swift; sourceTree = "<group>"; };
		0AB0EEB527C453E30019EDE4 /* TwitterClone.app */ = {isa = PBXFileReference; explicitFileType = wrapper.application; includeInIndex = 0; path = TwitterClone.app; sourceTree = BUILT_PRODUCTS_DIR; };
		0AB0EEB827C453E30019EDE4 /* AppDelegate.swift */ = {isa = PBXFileReference; lastKnownFileType = sourcecode.swift; path = AppDelegate.swift; sourceTree = "<group>"; };
		0AB0EEBA27C453E30019EDE4 /* SceneDelegate.swift */ = {isa = PBXFileReference; lastKnownFileType = sourcecode.swift; path = SceneDelegate.swift; sourceTree = "<group>"; };
		0AB0EEBC27C453E30019EDE4 /* MainTabbarViewController.swift */ = {isa = PBXFileReference; lastKnownFileType = sourcecode.swift; path = MainTabbarViewController.swift; sourceTree = "<group>"; };
		0AB0EEC127C453E30019EDE4 /* Assets.xcassets */ = {isa = PBXFileReference; lastKnownFileType = folder.assetcatalog; path = Assets.xcassets; sourceTree = "<group>"; };
		0AB0EEC427C453E30019EDE4 /* Base */ = {isa = PBXFileReference; lastKnownFileType = file.storyboard; name = Base; path = Base.lproj/LaunchScreen.storyboard; sourceTree = "<group>"; };
		0AB0EEC627C453E30019EDE4 /* Info.plist */ = {isa = PBXFileReference; lastKnownFileType = text.plist.xml; path = Info.plist; sourceTree = "<group>"; };
		0AB0EECE27C455180019EDE4 /* HomeViewController.swift */ = {isa = PBXFileReference; lastKnownFileType = sourcecode.swift; path = HomeViewController.swift; sourceTree = "<group>"; };
		0AB0EED027C455240019EDE4 /* SearchViewController.swift */ = {isa = PBXFileReference; lastKnownFileType = sourcecode.swift; path = SearchViewController.swift; sourceTree = "<group>"; };
		0AB0EED227C455350019EDE4 /* NotificationsViewController.swift */ = {isa = PBXFileReference; lastKnownFileType = sourcecode.swift; path = NotificationsViewController.swift; sourceTree = "<group>"; };
		0AB0EED427C455430019EDE4 /* DirectMessagesViewController.swift */ = {isa = PBXFileReference; lastKnownFileType = sourcecode.swift; path = DirectMessagesViewController.swift; sourceTree = "<group>"; };
		0AC8A296283095CD00C189D7 /* ProfileViewController.swift */ = {isa = PBXFileReference; lastKnownFileType = sourcecode.swift; path = ProfileViewController.swift; sourceTree = "<group>"; };
		0ACB15782866B3AC00653436 /* ProfileTableViewHeader.swift */ = {isa = PBXFileReference; lastKnownFileType = sourcecode.swift; path = ProfileTableViewHeader.swift; sourceTree = "<group>"; };
		0AF3AAD8280E468E00AD5F2A /* TweetTableViewCell.swift */ = {isa = PBXFileReference; lastKnownFileType = sourcecode.swift; path = TweetTableViewCell.swift; sourceTree = "<group>"; };
		0AF3F5A328FCC6200098B268 /* TwitterUser.swift */ = {isa = PBXFileReference; lastKnownFileType = sourcecode.swift; path = TwitterUser.swift; sourceTree = "<group>"; };
		0AF3F5A528FCC72F0098B268 /* DatabaseManager.swift */ = {isa = PBXFileReference; lastKnownFileType = sourcecode.swift; path = DatabaseManager.swift; sourceTree = "<group>"; };
		0AF3F5A728FCCC530098B268 /* HomeViewViewModel.swift */ = {isa = PBXFileReference; lastKnownFileType = sourcecode.swift; path = HomeViewViewModel.swift; sourceTree = "<group>"; };
		0AF3F5A928FCCF840098B268 /* ProfileDataFormViewController.swift */ = {isa = PBXFileReference; lastKnownFileType = sourcecode.swift; path = ProfileDataFormViewController.swift; sourceTree = "<group>"; };
		0AF3F5AB28FCD04C0098B268 /* ProfileDataFormViewViewModel.swift */ = {isa = PBXFileReference; lastKnownFileType = sourcecode.swift; path = ProfileDataFormViewViewModel.swift; sourceTree = "<group>"; };
/* End PBXFileReference section */

/* Begin PBXFrameworksBuildPhase section */
		0AB0EEB227C453E30019EDE4 /* Frameworks */ = {
			isa = PBXFrameworksBuildPhase;
			buildActionMask = 2147483647;
			files = (
				0A29EA3E28EF1E78006F92C8 /* FirebaseDatabaseSwift in Frameworks */,
				0A29EA3C28EF1E78006F92C8 /* FirebaseDatabase in Frameworks */,
				0A29EA3828EF1E78006F92C8 /* FirebaseAuth in Frameworks */,
				0A29EA4428EF1E78006F92C8 /* FirebaseFirestoreSwift in Frameworks */,
				0A29EA4228EF1E78006F92C8 /* FirebaseFirestoreCombine-Community in Frameworks */,
				0A29EA4628EF1E78006F92C8 /* FirebaseStorage in Frameworks */,
				0A29EA4028EF1E78006F92C8 /* FirebaseFirestore in Frameworks */,
				0A29EA4828EF1E78006F92C8 /* FirebaseStorageCombine-Community in Frameworks */,
				0A29EA3A28EF1E78006F92C8 /* FirebaseAuthCombine-Community in Frameworks */,
			);
			runOnlyForDeploymentPostprocessing = 0;
		};
/* End PBXFrameworksBuildPhase section */

/* Begin PBXGroup section */
		0A29EA4928EF1F36006F92C8 /* Onboarding */ = {
			isa = PBXGroup;
			children = (
				0A29EA4A28EF1F55006F92C8 /* OnboardingViewController.swift */,
				0A29EA4C28EF23D3006F92C8 /* RegisterViewController.swift */,
				0A62924528F8F68E001260E2 /* LoginViewController.swift */,
			);
			path = Onboarding;
			sourceTree = "<group>";
		};
		0A29EA5528F24F3E006F92C8 /* ViewModels */ = {
			isa = PBXGroup;
			children = (
				0A29EA5628F24F50006F92C8 /* AuthenticationViewViewModel.swift */,
				0AF3F5A728FCCC530098B268 /* HomeViewViewModel.swift */,
				0AF3F5AB28FCD04C0098B268 /* ProfileDataFormViewViewModel.swift */,
			);
			path = ViewModels;
			sourceTree = "<group>";
		};
		0A29EA5928F255E9006F92C8 /* Networking */ = {
			isa = PBXGroup;
			children = (
				0A29EA5A28F25602006F92C8 /* AuthManager.swift */,
				0AF3F5A528FCC72F0098B268 /* DatabaseManager.swift */,
			);
			path = Networking;
			sourceTree = "<group>";
		};
		0AB0EEAC27C453E30019EDE4 = {
			isa = PBXGroup;
			children = (
				0AB0EEB727C453E30019EDE4 /* TwitterClone */,
				0AB0EEB627C453E30019EDE4 /* Products */,
			);
			sourceTree = "<group>";
		};
		0AB0EEB627C453E30019EDE4 /* Products */ = {
			isa = PBXGroup;
			children = (
				0AB0EEB527C453E30019EDE4 /* TwitterClone.app */,
			);
			name = Products;
			sourceTree = "<group>";
		};
		0AB0EEB727C453E30019EDE4 /* TwitterClone */ = {
			isa = PBXGroup;
			children = (
				0AF3F5A228FCC6150098B268 /* Models */,
				0A29EA5928F255E9006F92C8 /* Networking */,
				0A29EA5528F24F3E006F92C8 /* ViewModels */,
				0AF3AAD7280E467600AD5F2A /* Views */,
				0AB0EECC27C454F10019EDE4 /* Controllers */,
				0AB0EEB827C453E30019EDE4 /* AppDelegate.swift */,
				0AB0EEBA27C453E30019EDE4 /* SceneDelegate.swift */,
				0AB0EEC127C453E30019EDE4 /* Assets.xcassets */,
				0AB0EEC327C453E30019EDE4 /* LaunchScreen.storyboard */,
				0AB0EEC627C453E30019EDE4 /* Info.plist */,
				0A29EA3428EF1D56006F92C8 /* GoogleService-Info.plist */,
			);
			path = TwitterClone;
			sourceTree = "<group>";
		};
		0AB0EECC27C454F10019EDE4 /* Controllers */ = {
			isa = PBXGroup;
			children = (
				0A29EA4928EF1F36006F92C8 /* Onboarding */,
				0AC8A295283095BC00C189D7 /* General */,
				0AB0EECD27C454F90019EDE4 /* Core */,
			);
			path = Controllers;
			sourceTree = "<group>";
		};
		0AB0EECD27C454F90019EDE4 /* Core */ = {
			isa = PBXGroup;
			children = (
				0AB0EEBC27C453E30019EDE4 /* MainTabbarViewController.swift */,
				0AB0EECE27C455180019EDE4 /* HomeViewController.swift */,
				0AB0EED027C455240019EDE4 /* SearchViewController.swift */,
				0AB0EED227C455350019EDE4 /* NotificationsViewController.swift */,
				0AB0EED427C455430019EDE4 /* DirectMessagesViewController.swift */,
			);
			path = Core;
			sourceTree = "<group>";
		};
		0AC8A295283095BC00C189D7 /* General */ = {
			isa = PBXGroup;
			children = (
				0AC8A296283095CD00C189D7 /* ProfileViewController.swift */,
				0AF3F5A928FCCF840098B268 /* ProfileDataFormViewController.swift */,
			);
			path = General;
			sourceTree = "<group>";
		};
		0AF3AAD7280E467600AD5F2A /* Views */ = {
			isa = PBXGroup;
			children = (
				0AF3AAD8280E468E00AD5F2A /* TweetTableViewCell.swift */,
				0ACB15782866B3AC00653436 /* ProfileTableViewHeader.swift */,
			);
			path = Views;
			sourceTree = "<group>";
		};
		0AF3F5A228FCC6150098B268 /* Models */ = {
			isa = PBXGroup;
			children = (
				0AF3F5A328FCC6200098B268 /* TwitterUser.swift */,
			);
			path = Models;
			sourceTree = "<group>";
		};
/* End PBXGroup section */

/* Begin PBXNativeTarget section */
		0AB0EEB427C453E30019EDE4 /* TwitterClone */ = {
			isa = PBXNativeTarget;
			buildConfigurationList = 0AB0EEC927C453E30019EDE4 /* Build configuration list for PBXNativeTarget "TwitterClone" */;
			buildPhases = (
				0AB0EEB127C453E30019EDE4 /* Sources */,
				0AB0EEB227C453E30019EDE4 /* Frameworks */,
				0AB0EEB327C453E30019EDE4 /* Resources */,
			);
			buildRules = (
			);
			dependencies = (
			);
			name = TwitterClone;
			packageProductDependencies = (
				0A29EA3728EF1E78006F92C8 /* FirebaseAuth */,
				0A29EA3928EF1E78006F92C8 /* FirebaseAuthCombine-Community */,
				0A29EA3B28EF1E78006F92C8 /* FirebaseDatabase */,
				0A29EA3D28EF1E78006F92C8 /* FirebaseDatabaseSwift */,
				0A29EA3F28EF1E78006F92C8 /* FirebaseFirestore */,
				0A29EA4128EF1E78006F92C8 /* FirebaseFirestoreCombine-Community */,
				0A29EA4328EF1E78006F92C8 /* FirebaseFirestoreSwift */,
				0A29EA4528EF1E78006F92C8 /* FirebaseStorage */,
				0A29EA4728EF1E78006F92C8 /* FirebaseStorageCombine-Community */,
			);
			productName = TwitterClone;
			productReference = 0AB0EEB527C453E30019EDE4 /* TwitterClone.app */;
			productType = "com.apple.product-type.application";
		};
/* End PBXNativeTarget section */

/* Begin PBXProject section */
		0AB0EEAD27C453E30019EDE4 /* Project object */ = {
			isa = PBXProject;
			attributes = {
				BuildIndependentTargetsInParallel = 1;
				LastSwiftUpdateCheck = 1310;
				LastUpgradeCheck = 1310;
				TargetAttributes = {
					0AB0EEB427C453E30019EDE4 = {
						CreatedOnToolsVersion = 13.1;
					};
				};
			};
			buildConfigurationList = 0AB0EEB027C453E30019EDE4 /* Build configuration list for PBXProject "TwitterClone" */;
			compatibilityVersion = "Xcode 13.0";
			developmentRegion = en;
			hasScannedForEncodings = 0;
			knownRegions = (
				en,
				Base,
			);
			mainGroup = 0AB0EEAC27C453E30019EDE4;
			packageReferences = (
				0A29EA3628EF1E78006F92C8 /* XCRemoteSwiftPackageReference "firebase-ios-sdk" */,
			);
			productRefGroup = 0AB0EEB627C453E30019EDE4 /* Products */;
			projectDirPath = "";
			projectRoot = "";
			targets = (
				0AB0EEB427C453E30019EDE4 /* TwitterClone */,
			);
		};
/* End PBXProject section */

/* Begin PBXResourcesBuildPhase section */
		0AB0EEB327C453E30019EDE4 /* Resources */ = {
			isa = PBXResourcesBuildPhase;
			buildActionMask = 2147483647;
			files = (
				0AB0EEC527C453E30019EDE4 /* LaunchScreen.storyboard in Resources */,
				0AB0EEC227C453E30019EDE4 /* Assets.xcassets in Resources */,
				0A29EA3528EF1D56006F92C8 /* GoogleService-Info.plist in Resources */,
			);
			runOnlyForDeploymentPostprocessing = 0;
		};
/* End PBXResourcesBuildPhase section */

/* Begin PBXSourcesBuildPhase section */
		0AB0EEB127C453E30019EDE4 /* Sources */ = {
			isa = PBXSourcesBuildPhase;
			buildActionMask = 2147483647;
			files = (
				0AB0EED127C455240019EDE4 /* SearchViewController.swift in Sources */,
				0A29EA5B28F25602006F92C8 /* AuthManager.swift in Sources */,
				0AB0EEBD27C453E30019EDE4 /* MainTabbarViewController.swift in Sources */,
				0A62924628F8F68E001260E2 /* LoginViewController.swift in Sources */,
				0AF3F5A628FCC72F0098B268 /* DatabaseManager.swift in Sources */,
				0AB0EEB927C453E30019EDE4 /* AppDelegate.swift in Sources */,
				0A29EA4D28EF23D3006F92C8 /* RegisterViewController.swift in Sources */,
				0AB0EED327C455350019EDE4 /* NotificationsViewController.swift in Sources */,
				0AB0EEBB27C453E30019EDE4 /* SceneDelegate.swift in Sources */,
				0AB0EECF27C455180019EDE4 /* HomeViewController.swift in Sources */,
				0A29EA5728F24F50006F92C8 /* AuthenticationViewViewModel.swift in Sources */,
				0AF3F5AC28FCD04C0098B268 /* ProfileDataFormViewViewModel.swift in Sources */,
				0AC8A297283095CD00C189D7 /* ProfileViewController.swift in Sources */,
				0AB0EED527C455430019EDE4 /* DirectMessagesViewController.swift in Sources */,
				0ACB15792866B3AC00653436 /* ProfileTableViewHeader.swift in Sources */,
				0AF3F5AA28FCCF840098B268 /* ProfileDataFormViewController.swift in Sources */,
				0A29EA4B28EF1F55006F92C8 /* OnboardingViewController.swift in Sources */,
				0AF3F5A428FCC6200098B268 /* TwitterUser.swift in Sources */,
				0AF3F5A828FCCC530098B268 /* HomeViewViewModel.swift in Sources */,
				0AF3AAD9280E468E00AD5F2A /* TweetTableViewCell.swift in Sources */,
			);
			runOnlyForDeploymentPostprocessing = 0;
		};
/* End PBXSourcesBuildPhase section */

/* Begin PBXVariantGroup section */
		0AB0EEC327C453E30019EDE4 /* LaunchScreen.storyboard */ = {
			isa = PBXVariantGroup;
			children = (
				0AB0EEC427C453E30019EDE4 /* Base */,
			);
			name = LaunchScreen.storyboard;
			sourceTree = "<group>";
		};
/* End PBXVariantGroup section */

/* Begin XCBuildConfiguration section */
		0AB0EEC727C453E30019EDE4 /* Debug */ = {
			isa = XCBuildConfiguration;
			buildSettings = {
				ALWAYS_SEARCH_USER_PATHS = NO;
				CLANG_ANALYZER_NONNULL = YES;
				CLANG_ANALYZER_NUMBER_OBJECT_CONVERSION = YES_AGGRESSIVE;
				CLANG_CXX_LANGUAGE_STANDARD = "gnu++17";
				CLANG_CXX_LIBRARY = "libc++";
				CLANG_ENABLE_MODULES = YES;
				CLANG_ENABLE_OBJC_ARC = YES;
				CLANG_ENABLE_OBJC_WEAK = YES;
				CLANG_WARN_BLOCK_CAPTURE_AUTORELEASING = YES;
				CLANG_WARN_BOOL_CONVERSION = YES;
				CLANG_WARN_COMMA = YES;
				CLANG_WARN_CONSTANT_CONVERSION = YES;
				CLANG_WARN_DEPRECATED_OBJC_IMPLEMENTATIONS = YES;
				CLANG_WARN_DIRECT_OBJC_ISA_USAGE = YES_ERROR;
				CLANG_WARN_DOCUMENTATION_COMMENTS = YES;
				CLANG_WARN_EMPTY_BODY = YES;
				CLANG_WARN_ENUM_CONVERSION = YES;
				CLANG_WARN_INFINITE_RECURSION = YES;
				CLANG_WARN_INT_CONVERSION = YES;
				CLANG_WARN_NON_LITERAL_NULL_CONVERSION = YES;
				CLANG_WARN_OBJC_IMPLICIT_RETAIN_SELF = YES;
				CLANG_WARN_OBJC_LITERAL_CONVERSION = YES;
				CLANG_WARN_OBJC_ROOT_CLASS = YES_ERROR;
				CLANG_WARN_QUOTED_INCLUDE_IN_FRAMEWORK_HEADER = YES;
				CLANG_WARN_RANGE_LOOP_ANALYSIS = YES;
				CLANG_WARN_STRICT_PROTOTYPES = YES;
				CLANG_WARN_SUSPICIOUS_MOVE = YES;
				CLANG_WARN_UNGUARDED_AVAILABILITY = YES_AGGRESSIVE;
				CLANG_WARN_UNREACHABLE_CODE = YES;
				CLANG_WARN__DUPLICATE_METHOD_MATCH = YES;
				COPY_PHASE_STRIP = NO;
				DEBUG_INFORMATION_FORMAT = dwarf;
				ENABLE_STRICT_OBJC_MSGSEND = YES;
				ENABLE_TESTABILITY = YES;
				GCC_C_LANGUAGE_STANDARD = gnu11;
				GCC_DYNAMIC_NO_PIC = NO;
				GCC_NO_COMMON_BLOCKS = YES;
				GCC_OPTIMIZATION_LEVEL = 0;
				GCC_PREPROCESSOR_DEFINITIONS = (
					"DEBUG=1",
					"$(inherited)",
				);
				GCC_WARN_64_TO_32_BIT_CONVERSION = YES;
				GCC_WARN_ABOUT_RETURN_TYPE = YES_ERROR;
				GCC_WARN_UNDECLARED_SELECTOR = YES;
				GCC_WARN_UNINITIALIZED_AUTOS = YES_AGGRESSIVE;
				GCC_WARN_UNUSED_FUNCTION = YES;
				GCC_WARN_UNUSED_VARIABLE = YES;
				IPHONEOS_DEPLOYMENT_TARGET = 15.0;
				MTL_ENABLE_DEBUG_INFO = INCLUDE_SOURCE;
				MTL_FAST_MATH = YES;
				ONLY_ACTIVE_ARCH = YES;
				SDKROOT = iphoneos;
				SWIFT_ACTIVE_COMPILATION_CONDITIONS = DEBUG;
				SWIFT_OPTIMIZATION_LEVEL = "-Onone";
			};
			name = Debug;
		};
		0AB0EEC827C453E30019EDE4 /* Release */ = {
			isa = XCBuildConfiguration;
			buildSettings = {
				ALWAYS_SEARCH_USER_PATHS = NO;
				CLANG_ANALYZER_NONNULL = YES;
				CLANG_ANALYZER_NUMBER_OBJECT_CONVERSION = YES_AGGRESSIVE;
				CLANG_CXX_LANGUAGE_STANDARD = "gnu++17";
				CLANG_CXX_LIBRARY = "libc++";
				CLANG_ENABLE_MODULES = YES;
				CLANG_ENABLE_OBJC_ARC = YES;
				CLANG_ENABLE_OBJC_WEAK = YES;
				CLANG_WARN_BLOCK_CAPTURE_AUTORELEASING = YES;
				CLANG_WARN_BOOL_CONVERSION = YES;
				CLANG_WARN_COMMA = YES;
				CLANG_WARN_CONSTANT_CONVERSION = YES;
				CLANG_WARN_DEPRECATED_OBJC_IMPLEMENTATIONS = YES;
				CLANG_WARN_DIRECT_OBJC_ISA_USAGE = YES_ERROR;
				CLANG_WARN_DOCUMENTATION_COMMENTS = YES;
				CLANG_WARN_EMPTY_BODY = YES;
				CLANG_WARN_ENUM_CONVERSION = YES;
				CLANG_WARN_INFINITE_RECURSION = YES;
				CLANG_WARN_INT_CONVERSION = YES;
				CLANG_WARN_NON_LITERAL_NULL_CONVERSION = YES;
				CLANG_WARN_OBJC_IMPLICIT_RETAIN_SELF = YES;
				CLANG_WARN_OBJC_LITERAL_CONVERSION = YES;
				CLANG_WARN_OBJC_ROOT_CLASS = YES_ERROR;
				CLANG_WARN_QUOTED_INCLUDE_IN_FRAMEWORK_HEADER = YES;
				CLANG_WARN_RANGE_LOOP_ANALYSIS = YES;
				CLANG_WARN_STRICT_PROTOTYPES = YES;
				CLANG_WARN_SUSPICIOUS_MOVE = YES;
				CLANG_WARN_UNGUARDED_AVAILABILITY = YES_AGGRESSIVE;
				CLANG_WARN_UNREACHABLE_CODE = YES;
				CLANG_WARN__DUPLICATE_METHOD_MATCH = YES;
				COPY_PHASE_STRIP = NO;
				DEBUG_INFORMATION_FORMAT = "dwarf-with-dsym";
				ENABLE_NS_ASSERTIONS = NO;
				ENABLE_STRICT_OBJC_MSGSEND = YES;
				GCC_C_LANGUAGE_STANDARD = gnu11;
				GCC_NO_COMMON_BLOCKS = YES;
				GCC_WARN_64_TO_32_BIT_CONVERSION = YES;
				GCC_WARN_ABOUT_RETURN_TYPE = YES_ERROR;
				GCC_WARN_UNDECLARED_SELECTOR = YES;
				GCC_WARN_UNINITIALIZED_AUTOS = YES_AGGRESSIVE;
				GCC_WARN_UNUSED_FUNCTION = YES;
				GCC_WARN_UNUSED_VARIABLE = YES;
				IPHONEOS_DEPLOYMENT_TARGET = 15.0;
				MTL_ENABLE_DEBUG_INFO = NO;
				MTL_FAST_MATH = YES;
				SDKROOT = iphoneos;
				SWIFT_COMPILATION_MODE = wholemodule;
				SWIFT_OPTIMIZATION_LEVEL = "-O";
				VALIDATE_PRODUCT = YES;
			};
			name = Release;
		};
		0AB0EECA27C453E30019EDE4 /* Debug */ = {
			isa = XCBuildConfiguration;
			buildSettings = {
				ASSETCATALOG_COMPILER_APPICON_NAME = AppIcon;
				ASSETCATALOG_COMPILER_GLOBAL_ACCENT_COLOR_NAME = AccentColor;
				CODE_SIGN_STYLE = Automatic;
				CURRENT_PROJECT_VERSION = 1;
				DEVELOPMENT_TEAM = DJCKM4F4RZ;
				GENERATE_INFOPLIST_FILE = YES;
				INFOPLIST_FILE = TwitterClone/Info.plist;
				INFOPLIST_KEY_UIApplicationSupportsIndirectInputEvents = YES;
				INFOPLIST_KEY_UILaunchStoryboardName = LaunchScreen;
				INFOPLIST_KEY_UISupportedInterfaceOrientations_iPad = "UIInterfaceOrientationPortrait UIInterfaceOrientationPortraitUpsideDown UIInterfaceOrientationLandscapeLeft UIInterfaceOrientationLandscapeRight";
				INFOPLIST_KEY_UISupportedInterfaceOrientations_iPhone = "UIInterfaceOrientationPortrait UIInterfaceOrientationLandscapeLeft UIInterfaceOrientationLandscapeRight";
				LD_RUNPATH_SEARCH_PATHS = (
					"$(inherited)",
					"@executable_path/Frameworks",
				);
				MARKETING_VERSION = 1.0;
				PRODUCT_BUNDLE_IDENTIFIER = com.AmrHossam.TwitterClone;
				PRODUCT_NAME = "$(TARGET_NAME)";
				SWIFT_EMIT_LOC_STRINGS = YES;
				SWIFT_VERSION = 5.0;
				TARGETED_DEVICE_FAMILY = "1,2";
			};
			name = Debug;
		};
		0AB0EECB27C453E30019EDE4 /* Release */ = {
			isa = XCBuildConfiguration;
			buildSettings = {
				ASSETCATALOG_COMPILER_APPICON_NAME = AppIcon;
				ASSETCATALOG_COMPILER_GLOBAL_ACCENT_COLOR_NAME = AccentColor;
				CODE_SIGN_STYLE = Automatic;
				CURRENT_PROJECT_VERSION = 1;
				DEVELOPMENT_TEAM = DJCKM4F4RZ;
				GENERATE_INFOPLIST_FILE = YES;
				INFOPLIST_FILE = TwitterClone/Info.plist;
				INFOPLIST_KEY_UIApplicationSupportsIndirectInputEvents = YES;
				INFOPLIST_KEY_UILaunchStoryboardName = LaunchScreen;
				INFOPLIST_KEY_UISupportedInterfaceOrientations_iPad = "UIInterfaceOrientationPortrait UIInterfaceOrientationPortraitUpsideDown UIInterfaceOrientationLandscapeLeft UIInterfaceOrientationLandscapeRight";
				INFOPLIST_KEY_UISupportedInterfaceOrientations_iPhone = "UIInterfaceOrientationPortrait UIInterfaceOrientationLandscapeLeft UIInterfaceOrientationLandscapeRight";
				LD_RUNPATH_SEARCH_PATHS = (
					"$(inherited)",
					"@executable_path/Frameworks",
				);
				MARKETING_VERSION = 1.0;
				PRODUCT_BUNDLE_IDENTIFIER = com.AmrHossam.TwitterClone;
				PRODUCT_NAME = "$(TARGET_NAME)";
				SWIFT_EMIT_LOC_STRINGS = YES;
				SWIFT_VERSION = 5.0;
				TARGETED_DEVICE_FAMILY = "1,2";
			};
			name = Release;
		};
/* End XCBuildConfiguration section */

/* Begin XCConfigurationList section */
		0AB0EEB027C453E30019EDE4 /* Build configuration list for PBXProject "TwitterClone" */ = {
			isa = XCConfigurationList;
			buildConfigurations = (
				0AB0EEC727C453E30019EDE4 /* Debug */,
				0AB0EEC827C453E30019EDE4 /* Release */,
			);
			defaultConfigurationIsVisible = 0;
			defaultConfigurationName = Release;
		};
		0AB0EEC927C453E30019EDE4 /* Build configuration list for PBXNativeTarget "TwitterClone" */ = {
			isa = XCConfigurationList;
			buildConfigurations = (
				0AB0EECA27C453E30019EDE4 /* Debug */,
				0AB0EECB27C453E30019EDE4 /* Release */,
			);
			defaultConfigurationIsVisible = 0;
			defaultConfigurationName = Release;
		};
/* End XCConfigurationList section */

/* Begin XCRemoteSwiftPackageReference section */
		0A29EA3628EF1E78006F92C8 /* XCRemoteSwiftPackageReference "firebase-ios-sdk" */ = {
			isa = XCRemoteSwiftPackageReference;
			repositoryURL = "https://github.com/firebase/firebase-ios-sdk.git";
			requirement = {
				kind = upToNextMinorVersion;
				minimumVersion = 9.6.0;
			};
		};
/* End XCRemoteSwiftPackageReference section */

/* Begin XCSwiftPackageProductDependency section */
		0A29EA3728EF1E78006F92C8 /* FirebaseAuth */ = {
			isa = XCSwiftPackageProductDependency;
			package = 0A29EA3628EF1E78006F92C8 /* XCRemoteSwiftPackageReference "firebase-ios-sdk" */;
			productName = FirebaseAuth;
		};
		0A29EA3928EF1E78006F92C8 /* FirebaseAuthCombine-Community */ = {
			isa = XCSwiftPackageProductDependency;
			package = 0A29EA3628EF1E78006F92C8 /* XCRemoteSwiftPackageReference "firebase-ios-sdk" */;
			productName = "FirebaseAuthCombine-Community";
		};
		0A29EA3B28EF1E78006F92C8 /* FirebaseDatabase */ = {
			isa = XCSwiftPackageProductDependency;
			package = 0A29EA3628EF1E78006F92C8 /* XCRemoteSwiftPackageReference "firebase-ios-sdk" */;
			productName = FirebaseDatabase;
		};
		0A29EA3D28EF1E78006F92C8 /* FirebaseDatabaseSwift */ = {
			isa = XCSwiftPackageProductDependency;
			package = 0A29EA3628EF1E78006F92C8 /* XCRemoteSwiftPackageReference "firebase-ios-sdk" */;
			productName = FirebaseDatabaseSwift;
		};
		0A29EA3F28EF1E78006F92C8 /* FirebaseFirestore */ = {
			isa = XCSwiftPackageProductDependency;
			package = 0A29EA3628EF1E78006F92C8 /* XCRemoteSwiftPackageReference "firebase-ios-sdk" */;
			productName = FirebaseFirestore;
		};
		0A29EA4128EF1E78006F92C8 /* FirebaseFirestoreCombine-Community */ = {
			isa = XCSwiftPackageProductDependency;
			package = 0A29EA3628EF1E78006F92C8 /* XCRemoteSwiftPackageReference "firebase-ios-sdk" */;
			productName = "FirebaseFirestoreCombine-Community";
		};
		0A29EA4328EF1E78006F92C8 /* FirebaseFirestoreSwift */ = {
			isa = XCSwiftPackageProductDependency;
			package = 0A29EA3628EF1E78006F92C8 /* XCRemoteSwiftPackageReference "firebase-ios-sdk" */;
			productName = FirebaseFirestoreSwift;
		};
		0A29EA4528EF1E78006F92C8 /* FirebaseStorage */ = {
			isa = XCSwiftPackageProductDependency;
			package = 0A29EA3628EF1E78006F92C8 /* XCRemoteSwiftPackageReference "firebase-ios-sdk" */;
			productName = FirebaseStorage;
		};
		0A29EA4728EF1E78006F92C8 /* FirebaseStorageCombine-Community */ = {
			isa = XCSwiftPackageProductDependency;
			package = 0A29EA3628EF1E78006F92C8 /* XCRemoteSwiftPackageReference "firebase-ios-sdk" */;
			productName = "FirebaseStorageCombine-Community";
		};
/* End XCSwiftPackageProductDependency section */
	};
	rootObject = 0AB0EEAD27C453E30019EDE4 /* Project object */;
}
